
Microsoft Visual Studio Solution File, Format Version 12.00
# Visual Studio 15
VisualStudioVersion = 15.0.27703.2026
MinimumVisualStudioVersion = 10.0.40219.1
Project("{8BC9CEB8-8B4A-11D0-8D11-00A0C91BC942}") = "json_test", "json_test.vcxproj", "{AE25BAF3-266A-44D9-BC23-8D45A2FE1765}"
EndProject
Global
	GlobalSection(SolutionConfigurationPlatforms) = preSolution
		Debug|x64 = Debug|x64
		Debug|x86 = Debug|x86
		Release|x64 = Release|x64
		Release|x86 = Release|x86
	EndGlobalSection
	GlobalSection(ProjectConfigurationPlatforms) = postSolution
		{AE25BAF3-266A-44D9-BC23-8D45A2FE1765}.Debug|x64.ActiveCfg = Debug|x64
		{AE25BAF3-266A-44D9-BC23-8D45A2FE1765}.Debug|x64.Build.0 = Debug|x64
		{AE25BAF3-266A-44D9-BC23-8D45A2FE1765}.Debug|x86.ActiveCfg = Debug|Win32
		{AE25BAF3-266A-44D9-BC23-8D45A2FE1765}.Debug|x86.Build.0 = Debug|Win32
		{AE25BAF3-266A-44D9-BC23-8D45A2FE1765}.Release|x64.ActiveCfg = Release|x64
		{AE25BAF3-266A-44D9-BC23-8D45A2FE1765}.Release|x64.Build.0 = Release|x64
		{AE25BAF3-266A-44D9-BC23-8D45A2FE1765}.Release|x86.ActiveCfg = Release|Win32
		{AE25BAF3-266A-44D9-BC23-8D45A2FE1765}.Release|x86.Build.0 = Release|Win32
	EndGlobalSection
	GlobalSection(SolutionProperties) = preSolution
		HideSolutionNode = FALSE
	EndGlobalSection
	GlobalSection(ExtensibilityGlobals) = postSolution
		SolutionGuid = {95F2CFF8-01F5-4E1F-BFAB-ED9C6C9B1A11}
	EndGlobalSection
EndGlobal
